
Microsoft Visual Studio Solution File, Format Version 12.00
# Visual Studio Version 17
VisualStudioVersion = 17.12.35728.132 d17.12
MinimumVisualStudioVersion = 10.0.40219.1
Project("{FAE04EC0-301F-11D3-BF4B-00C04F79EFBC}") = "SimpleBankSystem-DataAccessLayer", "..\SimpleBankSystem\SimpleBankSystem-DataAccessLayer\SimpleBankSystem-DataAccessLayer.csproj", "{DD325365-DFAB-4B3C-96A2-C026C73F33C2}"
EndProject
Project("{FAE04EC0-301F-11D3-BF4B-00C04F79EFBC}") = "SimpleBankSystem-BusinessLayer", "..\SimpleBankSystem\SystemBankBusinesLayer\SimpleBankSystem-BusinessLayer.csproj", "{2F6BA781-5443-4D4C-85CE-318A97E69FC8}"
EndProject
Project("{FAE04EC0-301F-11D3-BF4B-00C04F79EFBC}") = "SimpleBankSystem-WinPresentationLayer", "..\SimpleBankSystem\SimpleBankSystem-WinPresentationLayer\SimpleBankSystem-WinPresentationLayer.csproj", "{D6C02C9F-4E68-44E7-996F-160A6372155F}"
EndProject
Global
	GlobalSection(SolutionConfigurationPlatforms) = preSolution
		Debug|Any CPU = Debug|Any CPU
		Release|Any CPU = Release|Any CPU
	EndGlobalSection
	GlobalSection(ProjectConfigurationPlatforms) = postSolution
		{DD325365-DFAB-4B3C-96A2-C026C73F33C2}.Debug|Any CPU.ActiveCfg = Debug|Any CPU
		{DD325365-DFAB-4B3C-96A2-C026C73F33C2}.Debug|Any CPU.Build.0 = Debug|Any CPU
		{DD325365-DFAB-4B3C-96A2-C026C73F33C2}.Release|Any CPU.ActiveCfg = Release|Any CPU
		{DD325365-DFAB-4B3C-96A2-C026C73F33C2}.Release|Any CPU.Build.0 = Release|Any CPU
		{2F6BA781-5443-4D4C-85CE-318A97E69FC8}.Debug|Any CPU.ActiveCfg = Debug|Any CPU
		{2F6BA781-5443-4D4C-85CE-318A97E69FC8}.Debug|Any CPU.Build.0 = Debug|Any CPU
		{2F6BA781-5443-4D4C-85CE-318A97E69FC8}.Release|Any CPU.ActiveCfg = Release|Any CPU
		{2F6BA781-5443-4D4C-85CE-318A97E69FC8}.Release|Any CPU.Build.0 = Release|Any CPU
		{D6C02C9F-4E68-44E7-996F-160A6372155F}.Debug|Any CPU.ActiveCfg = Debug|Any CPU
		{D6C02C9F-4E68-44E7-996F-160A6372155F}.Debug|Any CPU.Build.0 = Debug|Any CPU
		{D6C02C9F-4E68-44E7-996F-160A6372155F}.Release|Any CPU.ActiveCfg = Release|Any CPU
		{D6C02C9F-4E68-44E7-996F-160A6372155F}.Release|Any CPU.Build.0 = Release|Any CPU
	EndGlobalSection
	GlobalSection(SolutionProperties) = preSolution
		HideSolutionNode = FALSE
	EndGlobalSection
EndGlobal
